
Microsoft Visual Studio Solution File, Format Version 12.00
# Visual Studio Version 16
VisualStudioVersion = 16.0.33130.400
MinimumVisualStudioVersion = 10.0.40219.1
Project("{FAE04EC0-301F-11D3-BF4B-00C04F79EFBC}") = "PhoneRedirectory", "PhoneRedirectory\PhoneRedirectory.csproj", "{D026531C-C349-420A-8EFA-A1A3AD94B611}"
EndProject
Global
	GlobalSection(SolutionConfigurationPlatforms) = preSolution
		Debug|Any CPU = Debug|Any CPU
		Release|Any CPU = Release|Any CPU
	EndGlobalSection
	GlobalSection(ProjectConfigurationPlatforms) = postSolution
		{D026531C-C349-420A-8EFA-A1A3AD94B611}.Debug|Any CPU.ActiveCfg = Debug|Any CPU
		{D026531C-C349-420A-8EFA-A1A3AD94B611}.Debug|Any CPU.Build.0 = Debug|Any CPU
		{D026531C-C349-420A-8EFA-A1A3AD94B611}.Release|Any CPU.ActiveCfg = Release|Any CPU
		{D026531C-C349-420A-8EFA-A1A3AD94B611}.Release|Any CPU.Build.0 = Release|Any CPU
	EndGlobalSection
	GlobalSection(SolutionProperties) = preSolution
		HideSolutionNode = FALSE
	EndGlobalSection
	GlobalSection(ExtensibilityGlobals) = postSolution
		SolutionGuid = {2EC21813-D4D7-4A87-85D5-849F34A61DD0}
	EndGlobalSection
EndGlobal
